{
  "name": "sudoku-puzzle-generator",
  "version": "1.0.0",
  "lockfileVersion": 3,
  "requires": true,
  "packages": {
    "": {
      "name": "sudoku-puzzle-generator",
      "version": "1.0.0",
      "license": "MIT",
      "dependencies": {
        "sudoku-puzzle-generator": "^1.0.0"
      }
    },
    "node_modules/sudoku-puzzle-generator": {
      "version": "1.0.0",
      "resolved": "https://registry.npmjs.org/sudoku-puzzle-generator/-/sudoku-puzzle-generator-1.0.0.tgz",
      "integrity": "sha512-y1+0SJl+J4i2tVPh+1B/jKO46S/zicuSaWOVc53LRqzPztLEfoo9+WUhMTSwkDN+25AJ4Ld3YBhs4WqT5ebE2w==",
      "license": "MIT"
    }
  }
}
